
Microsoft Visual Studio Solution File, Format Version 12.00
# Visual Studio 15
VisualStudioVersion = 15.0.28307.421
MinimumVisualStudioVersion = 10.0.40219.1
Project("{FAE04EC0-301F-11D3-BF4B-00C04F79EFBC}") = "App.Android", "App\App.Android\App.Android.csproj", "{3A2BF357-6AB8-49D2-965F-5394C38F4B84}"
EndProject
Project("{FAE04EC0-301F-11D3-BF4B-00C04F79EFBC}") = "App.iOS", "App\App.iOS\App.iOS.csproj", "{DA880A2A-4941-40D1-A0E9-ED428D757075}"
EndProject
Project("{FAE04EC0-301F-11D3-BF4B-00C04F79EFBC}") = "App.UWP", "App\App.UWP\App.UWP.csproj", "{DB7F77C9-2CFF-4821-BF35-F194BEB37AF3}"
EndProject
Project("{FAE04EC0-301F-11D3-BF4B-00C04F79EFBC}") = "App", "App\App\App.csproj", "{A1AE6626-9F35-48DF-8AC1-E7305D591BDC}"
EndProject
Global
	GlobalSection(SolutionConfigurationPlatforms) = preSolution
		Ad-Hoc|Any CPU = Ad-Hoc|Any CPU
		Ad-Hoc|ARM = Ad-Hoc|ARM
		Ad-Hoc|iPhone = Ad-Hoc|iPhone
		Ad-Hoc|iPhoneSimulator = Ad-Hoc|iPhoneSimulator
		Ad-Hoc|x64 = Ad-Hoc|x64
		Ad-Hoc|x86 = Ad-Hoc|x86
		AppStore|Any CPU = AppStore|Any CPU
		AppStore|ARM = AppStore|ARM
		AppStore|iPhone = AppStore|iPhone
		AppStore|iPhoneSimulator = AppStore|iPhoneSimulator
		AppStore|x64 = AppStore|x64
		AppStore|x86 = AppStore|x86
		Debug|Any CPU = Debug|Any CPU
		Debug|ARM = Debug|ARM
		Debug|iPhone = Debug|iPhone
		Debug|iPhoneSimulator = Debug|iPhoneSimulator
		Debug|x64 = Debug|x64
		Debug|x86 = Debug|x86
		Release|Any CPU = Release|Any CPU
		Release|ARM = Release|ARM
		Release|iPhone = Release|iPhone
		Release|iPhoneSimulator = Release|iPhoneSimulator
		Release|x64 = Release|x64
		Release|x86 = Release|x86
	EndGlobalSection
	GlobalSection(ProjectConfigurationPlatforms) = postSolution
		{3A2BF357-6AB8-49D2-965F-5394C38F4B84}.Ad-Hoc|Any CPU.ActiveCfg = Release|Any CPU
		{3A2BF357-6AB8-49D2-965F-5394C38F4B84}.Ad-Hoc|Any CPU.Build.0 = Release|Any CPU
		{3A2BF357-6AB8-49D2-965F-5394C38F4B84}.Ad-Hoc|Any CPU.Deploy.0 = Release|Any CPU
		{3A2BF357-6AB8-49D2-965F-5394C38F4B84}.Ad-Hoc|ARM.ActiveCfg = Release|Any CPU
		{3A2BF357-6AB8-49D2-965F-5394C38F4B84}.Ad-Hoc|ARM.Build.0 = Release|Any CPU
		{3A2BF357-6AB8-49D2-965F-5394C38F4B84}.Ad-Hoc|ARM.Deploy.0 = Release|Any CPU
		{3A2BF357-6AB8-49D2-965F-5394C38F4B84}.Ad-Hoc|iPhone.ActiveCfg = Release|Any CPU
		{3A2BF357-6AB8-49D2-965F-5394C38F4B84}.Ad-Hoc|iPhone.Build.0 = Release|Any CPU
		{3A2BF357-6AB8-49D2-965F-5394C38F4B84}.Ad-Hoc|iPhone.Deploy.0 = Release|Any CPU
		{3A2BF357-6AB8-49D2-965F-5394C38F4B84}.Ad-Hoc|iPhoneSimulator.ActiveCfg = Release|Any CPU
		{3A2BF357-6AB8-49D2-965F-5394C38F4B84}.Ad-Hoc|iPhoneSimulator.Build.0 = Release|Any CPU
		{3A2BF357-6AB8-49D2-965F-5394C38F4B84}.Ad-Hoc|iPhoneSimulator.Deploy.0 = Release|Any CPU
		{3A2BF357-6AB8-49D2-965F-5394C38F4B84}.Ad-Hoc|x64.ActiveCfg = Release|Any CPU
		{3A2BF357-6AB8-49D2-965F-5394C38F4B84}.Ad-Hoc|x64.Build.0 = Release|Any CPU
		{3A2BF357-6AB8-49D2-965F-5394C38F4B84}.Ad-Hoc|x64.Deploy.0 = Release|Any CPU
		{3A2BF357-6AB8-49D2-965F-5394C38F4B84}.Ad-Hoc|x86.ActiveCfg = Release|Any CPU
		{3A2BF357-6AB8-49D2-965F-5394C38F4B84}.Ad-Hoc|x86.Build.0 = Release|Any CPU
		{3A2BF357-6AB8-49D2-965F-5394C38F4B84}.Ad-Hoc|x86.Deploy.0 = Release|Any CPU
		{3A2BF357-6AB8-49D2-965F-5394C38F4B84}.AppStore|Any CPU.ActiveCfg = Release|Any CPU
		{3A2BF357-6AB8-49D2-965F-5394C38F4B84}.AppStore|Any CPU.Build.0 = Release|Any CPU
		{3A2BF357-6AB8-49D2-965F-5394C38F4B84}.AppStore|Any CPU.Deploy.0 = Release|Any CPU
		{3A2BF357-6AB8-49D2-965F-5394C38F4B84}.AppStore|ARM.ActiveCfg = Release|Any CPU
		{3A2BF357-6AB8-49D2-965F-5394C38F4B84}.AppStore|ARM.Build.0 = Release|Any CPU
		{3A2BF357-6AB8-49D2-965F-5394C38F4B84}.AppStore|ARM.Deploy.0 = Release|Any CPU
		{3A2BF357-6AB8-49D2-965F-5394C38F4B84}.AppStore|iPhone.ActiveCfg = Release|Any CPU
		{3A2BF357-6AB8-49D2-965F-5394C38F4B84}.AppStore|iPhone.Build.0 = Release|Any CPU
		{3A2BF357-6AB8-49D2-965F-5394C38F4B84}.AppStore|iPhone.Deploy.0 = Release|Any CPU
		{3A2BF357-6AB8-49D2-965F-5394C38F4B84}.AppStore|iPhoneSimulator.ActiveCfg = Release|Any CPU
		{3A2BF357-6AB8-49D2-965F-5394C38F4B84}.AppStore|iPhoneSimulator.Build.0 = Release|Any CPU
		{3A2BF357-6AB8-49D2-965F-5394C38F4B84}.AppStore|iPhoneSimulator.Deploy.0 = Release|Any CPU
		{3A2BF357-6AB8-49D2-965F-5394C38F4B84}.AppStore|x64.ActiveCfg = Release|Any CPU
		{3A2BF357-6AB8-49D2-965F-5394C38F4B84}.AppStore|x64.Build.0 = Release|Any CPU
		{3A2BF357-6AB8-49D2-965F-5394C38F4B84}.AppStore|x64.Deploy.0 = Release|Any CPU
		{3A2BF357-6AB8-49D2-965F-5394C38F4B84}.AppStore|x86.ActiveCfg = Release|Any CPU
		{3A2BF357-6AB8-49D2-965F-5394C38F4B84}.AppStore|x86.Build.0 = Release|Any CPU
		{3A2BF357-6AB8-49D2-965F-5394C38F4B84}.AppStore|x86.Deploy.0 = Release|Any CPU
		{3A2BF357-6AB8-49D2-965F-5394C38F4B84}.Debug|Any CPU.ActiveCfg = Debug|Any CPU
		{3A2BF357-6AB8-49D2-965F-5394C38F4B84}.Debug|Any CPU.Build.0 = Debug|Any CPU
		{3A2BF357-6AB8-49D2-965F-5394C38F4B84}.Debug|Any CPU.Deploy.0 = Debug|Any CPU
		{3A2BF357-6AB8-49D2-965F-5394C38F4B84}.Debug|ARM.ActiveCfg = Debug|Any CPU
		{3A2BF357-6AB8-49D2-965F-5394C38F4B84}.Debug|ARM.Build.0 = Debug|Any CPU
		{3A2BF357-6AB8-49D2-965F-5394C38F4B84}.Debug|ARM.Deploy.0 = Debug|Any CPU
		{3A2BF357-6AB8-49D2-965F-5394C38F4B84}.Debug|iPhone.ActiveCfg = Debug|Any CPU
		{3A2BF357-6AB8-49D2-965F-5394C38F4B84}.Debug|iPhone.Build.0 = Debug|Any CPU
		{3A2BF357-6AB8-49D2-965F-5394C38F4B84}.Debug|iPhone.Deploy.0 = Debug|Any CPU
		{3A2BF357-6AB8-49D2-965F-5394C38F4B84}.Debug|iPhoneSimulator.ActiveCfg = Debug|Any CPU
		{3A2BF357-6AB8-49D2-965F-5394C38F4B84}.Debug|iPhoneSimulator.Build.0 = Debug|Any CPU
		{3A2BF357-6AB8-49D2-965F-5394C38F4B84}.Debug|iPhoneSimulator.Deploy.0 = Debug|Any CPU
		{3A2BF357-6AB8-49D2-965F-5394C38F4B84}.Debug|x64.ActiveCfg = Debug|Any CPU
		{3A2BF357-6AB8-49D2-965F-5394C38F4B84}.Debug|x64.Build.0 = Debug|Any CPU
		{3A2BF357-6AB8-49D2-965F-5394C38F4B84}.Debug|x64.Deploy.0 = Debug|Any CPU
		{3A2BF357-6AB8-49D2-965F-5394C38F4B84}.Debug|x86.ActiveCfg = Debug|Any CPU
		{3A2BF357-6AB8-49D2-965F-5394C38F4B84}.Debug|x86.Build.0 = Debug|Any CPU
		{3A2BF357-6AB8-49D2-965F-5394C38F4B84}.Debug|x86.Deploy.0 = Debug|Any CPU
		{3A2BF357-6AB8-49D2-965F-5394C38F4B84}.Release|Any CPU.ActiveCfg = Release|Any CPU
		{3A2BF357-6AB8-49D2-965F-5394C38F4B84}.Release|Any CPU.Build.0 = Release|Any CPU
		{3A2BF357-6AB8-49D2-965F-5394C38F4B84}.Release|Any CPU.Deploy.0 = Release|Any CPU
		{3A2BF357-6AB8-49D2-965F-5394C38F4B84}.Release|ARM.ActiveCfg = Release|Any CPU
		{3A2BF357-6AB8-49D2-965F-5394C38F4B84}.Release|ARM.Build.0 = Release|Any CPU
		{3A2BF357-6AB8-49D2-965F-5394C38F4B84}.Release|ARM.Deploy.0 = Release|Any CPU
		{3A2BF357-6AB8-49D2-965F-5394C38F4B84}.Release|iPhone.ActiveCfg = Release|Any CPU
		{3A2BF357-6AB8-49D2-965F-5394C38F4B84}.Release|iPhone.Build.0 = Release|Any CPU
		{3A2BF357-6AB8-49D2-965F-5394C38F4B84}.Release|iPhone.Deploy.0 = Release|Any CPU
		{3A2BF357-6AB8-49D2-965F-5394C38F4B84}.Release|iPhoneSimulator.ActiveCfg = Release|Any CPU
		{3A2BF357-6AB8-49D2-965F-5394C38F4B84}.Release|iPhoneSimulator.Build.0 = Release|Any CPU
		{3A2BF357-6AB8-49D2-965F-5394C38F4B84}.Release|iPhoneSimulator.Deploy.0 = Release|Any CPU
		{3A2BF357-6AB8-49D2-965F-5394C38F4B84}.Release|x64.ActiveCfg = Release|Any CPU
		{3A2BF357-6AB8-49D2-965F-5394C38F4B84}.Release|x64.Build.0 = Release|Any CPU
		{3A2BF357-6AB8-49D2-965F-5394C38F4B84}.Release|x64.Deploy.0 = Release|Any CPU
		{3A2BF357-6AB8-49D2-965F-5394C38F4B84}.Release|x86.ActiveCfg = Release|Any CPU
		{3A2BF357-6AB8-49D2-965F-5394C38F4B84}.Release|x86.Build.0 = Release|Any CPU
		{3A2BF357-6AB8-49D2-965F-5394C38F4B84}.Release|x86.Deploy.0 = Release|Any CPU
		{DA880A2A-4941-40D1-A0E9-ED428D757075}.Ad-Hoc|Any CPU.ActiveCfg = Ad-Hoc|iPhone
		{DA880A2A-4941-40D1-A0E9-ED428D757075}.Ad-Hoc|Any CPU.Build.0 = Ad-Hoc|iPhone
		{DA880A2A-4941-40D1-A0E9-ED428D757075}.Ad-Hoc|Any CPU.Deploy.0 = Ad-Hoc|iPhone
		{DA880A2A-4941-40D1-A0E9-ED428D757075}.Ad-Hoc|ARM.ActiveCfg = Ad-Hoc|iPhone
		{DA880A2A-4941-40D1-A0E9-ED428D757075}.Ad-Hoc|ARM.Build.0 = Ad-Hoc|iPhone
		{DA880A2A-4941-40D1-A0E9-ED428D757075}.Ad-Hoc|ARM.Deploy.0 = Ad-Hoc|iPhone
		{DA880A2A-4941-40D1-A0E9-ED428D757075}.Ad-Hoc|iPhone.ActiveCfg = Ad-Hoc|iPhone
		{DA880A2A-4941-40D1-A0E9-ED428D757075}.Ad-Hoc|iPhone.Build.0 = Ad-Hoc|iPhone
		{DA880A2A-4941-40D1-A0E9-ED428D757075}.Ad-Hoc|iPhone.Deploy.0 = Ad-Hoc|iPhone
		{DA880A2A-4941-40D1-A0E9-ED428D757075}.Ad-Hoc|iPhoneSimulator.ActiveCfg = Ad-Hoc|iPhoneSimulator
		{DA880A2A-4941-40D1-A0E9-ED428D757075}.Ad-Hoc|iPhoneSimulator.Build.0 = Ad-Hoc|iPhoneSimulator
		{DA880A2A-4941-40D1-A0E9-ED428D757075}.Ad-Hoc|iPhoneSimulator.Deploy.0 = Ad-Hoc|iPhoneSimulator
		{DA880A2A-4941-40D1-A0E9-ED428D757075}.Ad-Hoc|x64.ActiveCfg = Ad-Hoc|iPhone
		{DA880A2A-4941-40D1-A0E9-ED428D757075}.Ad-Hoc|x64.Build.0 = Ad-Hoc|iPhone
		{DA880A2A-4941-40D1-A0E9-ED428D757075}.Ad-Hoc|x64.Deploy.0 = Ad-Hoc|iPhone
		{DA880A2A-4941-40D1-A0E9-ED428D757075}.Ad-Hoc|x86.ActiveCfg = Ad-Hoc|iPhone
		{DA880A2A-4941-40D1-A0E9-ED428D757075}.Ad-Hoc|x86.Build.0 = Ad-Hoc|iPhone
		{DA880A2A-4941-40D1-A0E9-ED428D757075}.Ad-Hoc|x86.Deploy.0 = Ad-Hoc|iPhone
		{DA880A2A-4941-40D1-A0E9-ED428D757075}.AppStore|Any CPU.ActiveCfg = AppStore|iPhone
		{DA880A2A-4941-40D1-A0E9-ED428D757075}.AppStore|Any CPU.Build.0 = AppStore|iPhone
		{DA880A2A-4941-40D1-A0E9-ED428D757075}.AppStore|Any CPU.Deploy.0 = AppStore|iPhone
		{DA880A2A-4941-40D1-A0E9-ED428D757075}.AppStore|ARM.ActiveCfg = AppStore|iPhone
		{DA880A2A-4941-40D1-A0E9-ED428D757075}.AppStore|ARM.Build.0 = AppStore|iPhone
		{DA880A2A-4941-40D1-A0E9-ED428D757075}.AppStore|ARM.Deploy.0 = AppStore|iPhone
		{DA880A2A-4941-40D1-A0E9-ED428D757075}.AppStore|iPhone.ActiveCfg = AppStore|iPhone
		{DA880A2A-4941-40D1-A0E9-ED428D757075}.AppStore|iPhone.Build.0 = AppStore|iPhone
		{DA880A2A-4941-40D1-A0E9-ED428D757075}.AppStore|iPhone.Deploy.0 = AppStore|iPhone
		{DA880A2A-4941-40D1-A0E9-ED428D757075}.AppStore|iPhoneSimulator.ActiveCfg = AppStore|iPhoneSimulator
		{DA880A2A-4941-40D1-A0E9-ED428D757075}.AppStore|iPhoneSimulator.Build.0 = AppStore|iPhoneSimulator
		{DA880A2A-4941-40D1-A0E9-ED428D757075}.AppStore|iPhoneSimulator.Deploy.0 = AppStore|iPhoneSimulator
		{DA880A2A-4941-40D1-A0E9-ED428D757075}.AppStore|x64.ActiveCfg = AppStore|iPhone
		{DA880A2A-4941-40D1-A0E9-ED428D757075}.AppStore|x64.Build.0 = AppStore|iPhone
		{DA880A2A-4941-40D1-A0E9-ED428D757075}.AppStore|x64.Deploy.0 = AppStore|iPhone
		{DA880A2A-4941-40D1-A0E9-ED428D757075}.AppStore|x86.ActiveCfg = AppStore|iPhone
		{DA880A2A-4941-40D1-A0E9-ED428D757075}.AppStore|x86.Build.0 = AppStore|iPhone
		{DA880A2A-4941-40D1-A0E9-ED428D757075}.AppStore|x86.Deploy.0 = AppStore|iPhone
		{DA880A2A-4941-40D1-A0E9-ED428D757075}.Debug|Any CPU.ActiveCfg = Debug|iPhoneSimulator
		{DA880A2A-4941-40D1-A0E9-ED428D757075}.Debug|Any CPU.Build.0 = Debug|iPhoneSimulator
		{DA880A2A-4941-40D1-A0E9-ED428D757075}.Debug|Any CPU.Deploy.0 = Debug|iPhoneSimulator
		{DA880A2A-4941-40D1-A0E9-ED428D757075}.Debug|ARM.ActiveCfg = Debug|iPhone
		{DA880A2A-4941-40D1-A0E9-ED428D757075}.Debug|ARM.Build.0 = Debug|iPhone
		{DA880A2A-4941-40D1-A0E9-ED428D757075}.Debug|ARM.Deploy.0 = Debug|iPhone
		{DA880A2A-4941-40D1-A0E9-ED428D757075}.Debug|iPhone.ActiveCfg = Debug|iPhone
		{DA880A2A-4941-40D1-A0E9-ED428D757075}.Debug|iPhone.Build.0 = Debug|iPhone
		{DA880A2A-4941-40D1-A0E9-ED428D757075}.Debug|iPhone.Deploy.0 = Debug|iPhone
		{DA880A2A-4941-40D1-A0E9-ED428D757075}.Debug|iPhoneSimulator.ActiveCfg = Debug|iPhoneSimulator
		{DA880A2A-4941-40D1-A0E9-ED428D757075}.Debug|iPhoneSimulator.Build.0 = Debug|iPhoneSimulator
		{DA880A2A-4941-40D1-A0E9-ED428D757075}.Debug|iPhoneSimulator.Deploy.0 = Debug|iPhoneSimulator
		{DA880A2A-4941-40D1-A0E9-ED428D757075}.Debug|x64.ActiveCfg = Debug|iPhone
		{DA880A2A-4941-40D1-A0E9-ED428D757075}.Debug|x64.Build.0 = Debug|iPhone
		{DA880A2A-4941-40D1-A0E9-ED428D757075}.Debug|x64.Deploy.0 = Debug|iPhone
		{DA880A2A-4941-40D1-A0E9-ED428D757075}.Debug|x86.ActiveCfg = Debug|iPhone
		{DA880A2A-4941-40D1-A0E9-ED428D757075}.Debug|x86.Build.0 = Debug|iPhone
		{DA880A2A-4941-40D1-A0E9-ED428D757075}.Debug|x86.Deploy.0 = Debug|iPhone
		{DA880A2A-4941-40D1-A0E9-ED428D757075}.Release|Any CPU.ActiveCfg = Release|iPhone
		{DA880A2A-4941-40D1-A0E9-ED428D757075}.Release|Any CPU.Build.0 = Release|iPhone
		{DA880A2A-4941-40D1-A0E9-ED428D757075}.Release|Any CPU.Deploy.0 = Release|iPhone
		{DA880A2A-4941-40D1-A0E9-ED428D757075}.Release|ARM.ActiveCfg = Release|iPhone
		{DA880A2A-4941-40D1-A0E9-ED428D757075}.Release|ARM.Build.0 = Release|iPhone
		{DA880A2A-4941-40D1-A0E9-ED428D757075}.Release|ARM.Deploy.0 = Release|iPhone
		{DA880A2A-4941-40D1-A0E9-ED428D757075}.Release|iPhone.ActiveCfg = Release|iPhone
		{DA880A2A-4941-40D1-A0E9-ED428D757075}.Release|iPhone.Build.0 = Release|iPhone
		{DA880A2A-4941-40D1-A0E9-ED428D757075}.Release|iPhone.Deploy.0 = Release|iPhone
		{DA880A2A-4941-40D1-A0E9-ED428D757075}.Release|iPhoneSimulator.ActiveCfg = Release|iPhoneSimulator
		{DA880A2A-4941-40D1-A0E9-ED428D757075}.Release|iPhoneSimulator.Build.0 = Release|iPhoneSimulator
		{DA880A2A-4941-40D1-A0E9-ED428D757075}.Release|iPhoneSimulator.Deploy.0 = Release|iPhoneSimulator
		{DA880A2A-4941-40D1-A0E9-ED428D757075}.Release|x64.ActiveCfg = Release|iPhone
		{DA880A2A-4941-40D1-A0E9-ED428D757075}.Release|x64.Build.0 = Release|iPhone
		{DA880A2A-4941-40D1-A0E9-ED428D757075}.Release|x64.Deploy.0 = Release|iPhone
		{DA880A2A-4941-40D1-A0E9-ED428D757075}.Release|x86.ActiveCfg = Release|iPhone
		{DA880A2A-4941-40D1-A0E9-ED428D757075}.Release|x86.Build.0 = Release|iPhone
		{DA880A2A-4941-40D1-A0E9-ED428D757075}.Release|x86.Deploy.0 = Release|iPhone
		{DB7F77C9-2CFF-4821-BF35-F194BEB37AF3}.Ad-Hoc|Any CPU.ActiveCfg = Release|x86
		{DB7F77C9-2CFF-4821-BF35-F194BEB37AF3}.Ad-Hoc|Any CPU.Build.0 = Release|x86
		{DB7F77C9-2CFF-4821-BF35-F194BEB37AF3}.Ad-Hoc|Any CPU.Deploy.0 = Release|x86
		{DB7F77C9-2CFF-4821-BF35-F194BEB37AF3}.Ad-Hoc|ARM.ActiveCfg = Release|ARM
		{DB7F77C9-2CFF-4821-BF35-F194BEB37AF3}.Ad-Hoc|ARM.Build.0 = Release|ARM
		{DB7F77C9-2CFF-4821-BF35-F194BEB37AF3}.Ad-Hoc|ARM.Deploy.0 = Release|ARM
		{DB7F77C9-2CFF-4821-BF35-F194BEB37AF3}.Ad-Hoc|iPhone.ActiveCfg = Release|x86
		{DB7F77C9-2CFF-4821-BF35-F194BEB37AF3}.Ad-Hoc|iPhone.Build.0 = Release|x86
		{DB7F77C9-2CFF-4821-BF35-F194BEB37AF3}.Ad-Hoc|iPhone.Deploy.0 = Release|x86
		{DB7F77C9-2CFF-4821-BF35-F194BEB37AF3}.Ad-Hoc|iPhoneSimulator.ActiveCfg = Release|x86
		{DB7F77C9-2CFF-4821-BF35-F194BEB37AF3}.Ad-Hoc|iPhoneSimulator.Build.0 = Release|x86
		{DB7F77C9-2CFF-4821-BF35-F194BEB37AF3}.Ad-Hoc|iPhoneSimulator.Deploy.0 = Release|x86
		{DB7F77C9-2CFF-4821-BF35-F194BEB37AF3}.Ad-Hoc|x64.ActiveCfg = Release|x64
		{DB7F77C9-2CFF-4821-BF35-F194BEB37AF3}.Ad-Hoc|x64.Build.0 = Release|x64
		{DB7F77C9-2CFF-4821-BF35-F194BEB37AF3}.Ad-Hoc|x64.Deploy.0 = Release|x64
		{DB7F77C9-2CFF-4821-BF35-F194BEB37AF3}.Ad-Hoc|x86.ActiveCfg = Release|x86
		{DB7F77C9-2CFF-4821-BF35-F194BEB37AF3}.Ad-Hoc|x86.Build.0 = Release|x86
		{DB7F77C9-2CFF-4821-BF35-F194BEB37AF3}.Ad-Hoc|x86.Deploy.0 = Release|x86
		{DB7F77C9-2CFF-4821-BF35-F194BEB37AF3}.AppStore|Any CPU.ActiveCfg = Release|x86
		{DB7F77C9-2CFF-4821-BF35-F194BEB37AF3}.AppStore|Any CPU.Build.0 = Release|x86
		{DB7F77C9-2CFF-4821-BF35-F194BEB37AF3}.AppStore|Any CPU.Deploy.0 = Release|x86
		{DB7F77C9-2CFF-4821-BF35-F194BEB37AF3}.AppStore|ARM.ActiveCfg = Release|ARM
		{DB7F77C9-2CFF-4821-BF35-F194BEB37AF3}.AppStore|ARM.Build.0 = Release|ARM
		{DB7F77C9-2CFF-4821-BF35-F194BEB37AF3}.AppStore|ARM.Deploy.0 = Release|ARM
		{DB7F77C9-2CFF-4821-BF35-F194BEB37AF3}.AppStore|iPhone.ActiveCfg = Release|x86
		{DB7F77C9-2CFF-4821-BF35-F194BEB37AF3}.AppStore|iPhone.Build.0 = Release|x86
		{DB7F77C9-2CFF-4821-BF35-F194BEB37AF3}.AppStore|iPhone.Deploy.0 = Release|x86
		{DB7F77C9-2CFF-4821-BF35-F194BEB37AF3}.AppStore|iPhoneSimulator.ActiveCfg = Release|x86
		{DB7F77C9-2CFF-4821-BF35-F194BEB37AF3}.AppStore|iPhoneSimulator.Build.0 = Release|x86
		{DB7F77C9-2CFF-4821-BF35-F194BEB37AF3}.AppStore|iPhoneSimulator.Deploy.0 = Release|x86
		{DB7F77C9-2CFF-4821-BF35-F194BEB37AF3}.AppStore|x64.ActiveCfg = Release|x64
		{DB7F77C9-2CFF-4821-BF35-F194BEB37AF3}.AppStore|x64.Build.0 = Release|x64
		{DB7F77C9-2CFF-4821-BF35-F194BEB37AF3}.AppStore|x64.Deploy.0 = Release|x64
		{DB7F77C9-2CFF-4821-BF35-F194BEB37AF3}.AppStore|x86.ActiveCfg = Release|x86
		{DB7F77C9-2CFF-4821-BF35-F194BEB37AF3}.AppStore|x86.Build.0 = Release|x86
		{DB7F77C9-2CFF-4821-BF35-F194BEB37AF3}.AppStore|x86.Deploy.0 = Release|x86
		{DB7F77C9-2CFF-4821-BF35-F194BEB37AF3}.Debug|Any CPU.ActiveCfg = Debug|x86
		{DB7F77C9-2CFF-4821-BF35-F194BEB37AF3}.Debug|Any CPU.Build.0 = Debug|x86
		{DB7F77C9-2CFF-4821-BF35-F194BEB37AF3}.Debug|Any CPU.Deploy.0 = Debug|x86
		{DB7F77C9-2CFF-4821-BF35-F194BEB37AF3}.Debug|ARM.ActiveCfg = Debug|ARM
		{DB7F77C9-2CFF-4821-BF35-F194BEB37AF3}.Debug|ARM.Build.0 = Debug|ARM
		{DB7F77C9-2CFF-4821-BF35-F194BEB37AF3}.Debug|ARM.Deploy.0 = Debug|ARM
		{DB7F77C9-2CFF-4821-BF35-F194BEB37AF3}.Debug|iPhone.ActiveCfg = Debug|x86
		{DB7F77C9-2CFF-4821-BF35-F194BEB37AF3}.Debug|iPhone.Build.0 = Debug|x86
		{DB7F77C9-2CFF-4821-BF35-F194BEB37AF3}.Debug|iPhone.Deploy.0 = Debug|x86
		{DB7F77C9-2CFF-4821-BF35-F194BEB37AF3}.Debug|iPhoneSimulator.ActiveCfg = Debug|x86
		{DB7F77C9-2CFF-4821-BF35-F194BEB37AF3}.Debug|iPhoneSimulator.Build.0 = Debug|x86
		{DB7F77C9-2CFF-4821-BF35-F194BEB37AF3}.Debug|iPhoneSimulator.Deploy.0 = Debug|x86
		{DB7F77C9-2CFF-4821-BF35-F194BEB37AF3}.Debug|x64.ActiveCfg = Debug|x64
		{DB7F77C9-2CFF-4821-BF35-F194BEB37AF3}.Debug|x64.Build.0 = Debug|x64
		{DB7F77C9-2CFF-4821-BF35-F194BEB37AF3}.Debug|x64.Deploy.0 = Debug|x64
		{DB7F77C9-2CFF-4821-BF35-F194BEB37AF3}.Debug|x86.ActiveCfg = Debug|x86
		{DB7F77C9-2CFF-4821-BF35-F194BEB37AF3}.Debug|x86.Build.0 = Debug|x86
		{DB7F77C9-2CFF-4821-BF35-F194BEB37AF3}.Debug|x86.Deploy.0 = Debug|x86
		{DB7F77C9-2CFF-4821-BF35-F194BEB37AF3}.Release|Any CPU.ActiveCfg = Release|x86
		{DB7F77C9-2CFF-4821-BF35-F194BEB37AF3}.Release|Any CPU.Build.0 = Release|x86
		{DB7F77C9-2CFF-4821-BF35-F194BEB37AF3}.Release|Any CPU.Deploy.0 = Release|x86
		{DB7F77C9-2CFF-4821-BF35-F194BEB37AF3}.Release|ARM.ActiveCfg = Release|ARM
		{DB7F77C9-2CFF-4821-BF35-F194BEB37AF3}.Release|ARM.Build.0 = Release|ARM
		{DB7F77C9-2CFF-4821-BF35-F194BEB37AF3}.Release|ARM.Deploy.0 = Release|ARM
		{DB7F77C9-2CFF-4821-BF35-F194BEB37AF3}.Release|iPhone.ActiveCfg = Release|x86
		{DB7F77C9-2CFF-4821-BF35-F194BEB37AF3}.Release|iPhone.Build.0 = Release|x86
		{DB7F77C9-2CFF-4821-BF35-F194BEB37AF3}.Release|iPhone.Deploy.0 = Release|x86
		{DB7F77C9-2CFF-4821-BF35-F194BEB37AF3}.Release|iPhoneSimulator.ActiveCfg = Release|x86
		{DB7F77C9-2CFF-4821-BF35-F194BEB37AF3}.Release|iPhoneSimulator.Build.0 = Release|x86
		{DB7F77C9-2CFF-4821-BF35-F194BEB37AF3}.Release|iPhoneSimulator.Deploy.0 = Release|x86
		{DB7F77C9-2CFF-4821-BF35-F194BEB37AF3}.Release|x64.ActiveCfg = Release|x64
		{DB7F77C9-2CFF-4821-BF35-F194BEB37AF3}.Release|x64.Build.0 = Release|x64
		{DB7F77C9-2CFF-4821-BF35-F194BEB37AF3}.Release|x64.Deploy.0 = Release|x64
		{DB7F77C9-2CFF-4821-BF35-F194BEB37AF3}.Release|x86.ActiveCfg = Release|x86
		{DB7F77C9-2CFF-4821-BF35-F194BEB37AF3}.Release|x86.Build.0 = Release|x86
		{DB7F77C9-2CFF-4821-BF35-F194BEB37AF3}.Release|x86.Deploy.0 = Release|x86
		{A1AE6626-9F35-48DF-8AC1-E7305D591BDC}.Ad-Hoc|Any CPU.ActiveCfg = Debug|Any CPU
		{A1AE6626-9F35-48DF-8AC1-E7305D591BDC}.Ad-Hoc|Any CPU.Build.0 = Debug|Any CPU
		{A1AE6626-9F35-48DF-8AC1-E7305D591BDC}.Ad-Hoc|Any CPU.Deploy.0 = Debug|Any CPU
		{A1AE6626-9F35-48DF-8AC1-E7305D591BDC}.Ad-Hoc|ARM.ActiveCfg = Debug|Any CPU
		{A1AE6626-9F35-48DF-8AC1-E7305D591BDC}.Ad-Hoc|ARM.Build.0 = Debug|Any CPU
		{A1AE6626-9F35-48DF-8AC1-E7305D591BDC}.Ad-Hoc|ARM.Deploy.0 = Debug|Any CPU
		{A1AE6626-9F35-48DF-8AC1-E7305D591BDC}.Ad-Hoc|iPhone.ActiveCfg = Debug|Any CPU
		{A1AE6626-9F35-48DF-8AC1-E7305D591BDC}.Ad-Hoc|iPhone.Build.0 = Debug|Any CPU
		{A1AE6626-9F35-48DF-8AC1-E7305D591BDC}.Ad-Hoc|iPhone.Deploy.0 = Debug|Any CPU
		{A1AE6626-9F35-48DF-8AC1-E7305D591BDC}.Ad-Hoc|iPhoneSimulator.ActiveCfg = Debug|Any CPU
		{A1AE6626-9F35-48DF-8AC1-E7305D591BDC}.Ad-Hoc|iPhoneSimulator.Build.0 = Debug|Any CPU
		{A1AE6626-9F35-48DF-8AC1-E7305D591BDC}.Ad-Hoc|iPhoneSimulator.Deploy.0 = Debug|Any CPU
		{A1AE6626-9F35-48DF-8AC1-E7305D591BDC}.Ad-Hoc|x64.ActiveCfg = Debug|Any CPU
		{A1AE6626-9F35-48DF-8AC1-E7305D591BDC}.Ad-Hoc|x64.Build.0 = Debug|Any CPU
		{A1AE6626-9F35-48DF-8AC1-E7305D591BDC}.Ad-Hoc|x64.Deploy.0 = Debug|Any CPU
		{A1AE6626-9F35-48DF-8AC1-E7305D591BDC}.Ad-Hoc|x86.ActiveCfg = Debug|Any CPU
		{A1AE6626-9F35-48DF-8AC1-E7305D591BDC}.Ad-Hoc|x86.Build.0 = Debug|Any CPU
		{A1AE6626-9F35-48DF-8AC1-E7305D591BDC}.Ad-Hoc|x86.Deploy.0 = Debug|Any CPU
		{A1AE6626-9F35-48DF-8AC1-E7305D591BDC}.AppStore|Any CPU.ActiveCfg = Debug|Any CPU
		{A1AE6626-9F35-48DF-8AC1-E7305D591BDC}.AppStore|Any CPU.Build.0 = Debug|Any CPU
		{A1AE6626-9F35-48DF-8AC1-E7305D591BDC}.AppStore|Any CPU.Deploy.0 = Debug|Any CPU
		{A1AE6626-9F35-48DF-8AC1-E7305D591BDC}.AppStore|ARM.ActiveCfg = Debug|Any CPU
		{A1AE6626-9F35-48DF-8AC1-E7305D591BDC}.AppStore|ARM.Build.0 = Debug|Any CPU
		{A1AE6626-9F35-48DF-8AC1-E7305D591BDC}.AppStore|ARM.Deploy.0 = Debug|Any CPU
		{A1AE6626-9F35-48DF-8AC1-E7305D591BDC}.AppStore|iPhone.ActiveCfg = Debug|Any CPU
		{A1AE6626-9F35-48DF-8AC1-E7305D591BDC}.AppStore|iPhone.Build.0 = Debug|Any CPU
		{A1AE6626-9F35-48DF-8AC1-E7305D591BDC}.AppStore|iPhone.Deploy.0 = Debug|Any CPU
		{A1AE6626-9F35-48DF-8AC1-E7305D591BDC}.AppStore|iPhoneSimulator.ActiveCfg = Debug|Any CPU
		{A1AE6626-9F35-48DF-8AC1-E7305D591BDC}.AppStore|iPhoneSimulator.Build.0 = Debug|Any CPU
		{A1AE6626-9F35-48DF-8AC1-E7305D591BDC}.AppStore|iPhoneSimulator.Deploy.0 = Debug|Any CPU
		{A1AE6626-9F35-48DF-8AC1-E7305D591BDC}.AppStore|x64.ActiveCfg = Debug|Any CPU
		{A1AE6626-9F35-48DF-8AC1-E7305D591BDC}.AppStore|x64.Build.0 = Debug|Any CPU
		{A1AE6626-9F35-48DF-8AC1-E7305D591BDC}.AppStore|x64.Deploy.0 = Debug|Any CPU
		{A1AE6626-9F35-48DF-8AC1-E7305D591BDC}.AppStore|x86.ActiveCfg = Debug|Any CPU
		{A1AE6626-9F35-48DF-8AC1-E7305D591BDC}.AppStore|x86.Build.0 = Debug|Any CPU
		{A1AE6626-9F35-48DF-8AC1-E7305D591BDC}.AppStore|x86.Deploy.0 = Debug|Any CPU
		{A1AE6626-9F35-48DF-8AC1-E7305D591BDC}.Debug|Any CPU.ActiveCfg = Debug|Any CPU
		{A1AE6626-9F35-48DF-8AC1-E7305D591BDC}.Debug|Any CPU.Build.0 = Debug|Any CPU
		{A1AE6626-9F35-48DF-8AC1-E7305D591BDC}.Debug|Any CPU.Deploy.0 = Debug|Any CPU
		{A1AE6626-9F35-48DF-8AC1-E7305D591BDC}.Debug|ARM.ActiveCfg = Debug|Any CPU
		{A1AE6626-9F35-48DF-8AC1-E7305D591BDC}.Debug|ARM.Build.0 = Debug|Any CPU
		{A1AE6626-9F35-48DF-8AC1-E7305D591BDC}.Debug|ARM.Deploy.0 = Debug|Any CPU
		{A1AE6626-9F35-48DF-8AC1-E7305D591BDC}.Debug|iPhone.ActiveCfg = Debug|Any CPU
		{A1AE6626-9F35-48DF-8AC1-E7305D591BDC}.Debug|iPhone.Build.0 = Debug|Any CPU
		{A1AE6626-9F35-48DF-8AC1-E7305D591BDC}.Debug|iPhone.Deploy.0 = Debug|Any CPU
		{A1AE6626-9F35-48DF-8AC1-E7305D591BDC}.Debug|iPhoneSimulator.ActiveCfg = Debug|Any CPU
		{A1AE6626-9F35-48DF-8AC1-E7305D591BDC}.Debug|iPhoneSimulator.Build.0 = Debug|Any CPU
		{A1AE6626-9F35-48DF-8AC1-E7305D591BDC}.Debug|iPhoneSimulator.Deploy.0 = Debug|Any CPU
		{A1AE6626-9F35-48DF-8AC1-E7305D591BDC}.Debug|x64.ActiveCfg = Debug|Any CPU
		{A1AE6626-9F35-48DF-8AC1-E7305D591BDC}.Debug|x64.Build.0 = Debug|Any CPU
		{A1AE6626-9F35-48DF-8AC1-E7305D591BDC}.Debug|x64.Deploy.0 = Debug|Any CPU
		{A1AE6626-9F35-48DF-8AC1-E7305D591BDC}.Debug|x86.ActiveCfg = Debug|Any CPU
		{A1AE6626-9F35-48DF-8AC1-E7305D591BDC}.Debug|x86.Build.0 = Debug|Any CPU
		{A1AE6626-9F35-48DF-8AC1-E7305D591BDC}.Debug|x86.Deploy.0 = Debug|Any CPU
		{A1AE6626-9F35-48DF-8AC1-E7305D591BDC}.Release|Any CPU.ActiveCfg = Release|Any CPU
		{A1AE6626-9F35-48DF-8AC1-E7305D591BDC}.Release|Any CPU.Build.0 = Release|Any CPU
		{A1AE6626-9F35-48DF-8AC1-E7305D591BDC}.Release|Any CPU.Deploy.0 = Release|Any CPU
		{A1AE6626-9F35-48DF-8AC1-E7305D591BDC}.Release|ARM.ActiveCfg = Release|Any CPU
		{A1AE6626-9F35-48DF-8AC1-E7305D591BDC}.Release|ARM.Build.0 = Release|Any CPU
		{A1AE6626-9F35-48DF-8AC1-E7305D591BDC}.Release|ARM.Deploy.0 = Release|Any CPU
		{A1AE6626-9F35-48DF-8AC1-E7305D591BDC}.Release|iPhone.ActiveCfg = Release|Any CPU
		{A1AE6626-9F35-48DF-8AC1-E7305D591BDC}.Release|iPhone.Build.0 = Release|Any CPU
		{A1AE6626-9F35-48DF-8AC1-E7305D591BDC}.Release|iPhone.Deploy.0 = Release|Any CPU
		{A1AE6626-9F35-48DF-8AC1-E7305D591BDC}.Release|iPhoneSimulator.ActiveCfg = Release|Any CPU
		{A1AE6626-9F35-48DF-8AC1-E7305D591BDC}.Release|iPhoneSimulator.Build.0 = Release|Any CPU
		{A1AE6626-9F35-48DF-8AC1-E7305D591BDC}.Release|iPhoneSimulator.Deploy.0 = Release|Any CPU
		{A1AE6626-9F35-48DF-8AC1-E7305D591BDC}.Release|x64.ActiveCfg = Release|Any CPU
		{A1AE6626-9F35-48DF-8AC1-E7305D591BDC}.Release|x64.Build.0 = Release|Any CPU
		{A1AE6626-9F35-48DF-8AC1-E7305D591BDC}.Release|x64.Deploy.0 = Release|Any CPU
		{A1AE6626-9F35-48DF-8AC1-E7305D591BDC}.Release|x86.ActiveCfg = Release|Any CPU
		{A1AE6626-9F35-48DF-8AC1-E7305D591BDC}.Release|x86.Build.0 = Release|Any CPU
		{A1AE6626-9F35-48DF-8AC1-E7305D591BDC}.Release|x86.Deploy.0 = Release|Any CPU
	EndGlobalSection
	GlobalSection(SolutionProperties) = preSolution
		HideSolutionNode = FALSE
	EndGlobalSection
	GlobalSection(ExtensibilityGlobals) = postSolution
		SolutionGuid = {7E972E7F-03B1-48CF-A82E-7FF46008FD74}
	EndGlobalSection
EndGlobal
